
Microsoft Visual Studio Solution File, Format Version 12.00
# Visual Studio Version 17
VisualStudioVersion = 17.2.32616.157
MinimumVisualStudioVersion = 10.0.40219.1
Project("{9A19103F-16F7-4668-BE54-9A1E7A4F7556}") = "logistic-app-api", "logistic-app-api\logistic-app-api.csproj", "{BBE914F8-9285-4E10-A28D-74088A28A08E}"
EndProject
Project("{FAE04EC0-301F-11D3-BF4B-00C04F79EFBC}") = "unitTest", "unitTest\unitTest.csproj", "{1741C09A-F7F4-470F-973C-D6FBFD73385D}"
EndProject
Global
	GlobalSection(SolutionConfigurationPlatforms) = preSolution
		Debug|Any CPU = Debug|Any CPU
		Release|Any CPU = Release|Any CPU
	EndGlobalSection
	GlobalSection(ProjectConfigurationPlatforms) = postSolution
		{BBE914F8-9285-4E10-A28D-74088A28A08E}.Debug|Any CPU.ActiveCfg = Debug|Any CPU
		{BBE914F8-9285-4E10-A28D-74088A28A08E}.Debug|Any CPU.Build.0 = Debug|Any CPU
		{BBE914F8-9285-4E10-A28D-74088A28A08E}.Release|Any CPU.ActiveCfg = Release|Any CPU
		{BBE914F8-9285-4E10-A28D-74088A28A08E}.Release|Any CPU.Build.0 = Release|Any CPU
		{1741C09A-F7F4-470F-973C-D6FBFD73385D}.Debug|Any CPU.ActiveCfg = Debug|Any CPU
		{1741C09A-F7F4-470F-973C-D6FBFD73385D}.Debug|Any CPU.Build.0 = Debug|Any CPU
		{1741C09A-F7F4-470F-973C-D6FBFD73385D}.Release|Any CPU.ActiveCfg = Release|Any CPU
		{1741C09A-F7F4-470F-973C-D6FBFD73385D}.Release|Any CPU.Build.0 = Release|Any CPU
	EndGlobalSection
	GlobalSection(SolutionProperties) = preSolution
		HideSolutionNode = FALSE
	EndGlobalSection
	GlobalSection(ExtensibilityGlobals) = postSolution
		SolutionGuid = {66974E86-5E7A-4322-9C19-A78F55703DA4}
	EndGlobalSection
EndGlobal
